<?xml version="1.0" encoding="utf-8"?>
<Project ToolsVersion="4.0" xmlns="http://schemas.microsoft.com/developer/msbuild/2003">
  <ItemGroup>
    <Filter Include="Source Files">
      <UniqueIdentifier>{4FC737F1-C7A5-4376-A066-2A32D752A2FF}</UniqueIdentifier>
      <Extensions>cpp;c;cc;cxx;def;odl;idl;hpj;bat;asm;asmx</Extensions>
    </Filter>
    <Filter Include="Header Files">
      <UniqueIdentifier>{93995380-89BD-4b04-88EB-625FBE52EBFB}</UniqueIdentifier>
      <Extensions>h;hh;hpp;hxx;hm;inl;inc;xsd</Extensions>
    </Filter>
    <Filter Include="Resource Files">
      <UniqueIdentifier>{67DA6AB6-F800-4c08-8B7A-83BB121AAD01}</UniqueIdentifier>
      <Extensions>rc;ico;cur;bmp;dlg;rc2;rct;bin;rgs;gif;jpg;jpeg;jpe;resx;tiff;tif;png;wav;mfcribbon-ms</Extensions>
    </Filter>
    <Filter Include="SoftWire">
      <UniqueIdentifier>{2887abc1-5299-4ed3-8346-39482a970133}</UniqueIdentifier>
    </Filter>
  </ItemGroup>
  <ItemGroup>
    <None Include="RCMaster.ino" />
  </ItemGroup>
  <ItemGroup>
    <ClInclude Include="__vm\.RCMaster.vsarduino.h">
      <Filter>Header Files</Filter>
    </ClInclude>
    <ClInclude Include="SoftWire\SoftWire.h">
      <Filter>SoftWire</Filter>
    </ClInclude>
    <ClInclude Include="SoftWire\SlowSoftI2CMaster.h">
      <Filter>SoftWire</Filter>
    </ClInclude>
  </ItemGroup>
  <ItemGroup>
    <ClCompile Include="SoftWire\SoftWire.cpp">
      <Filter>SoftWire</Filter>
    </ClCompile>
    <ClCompile Include="SoftWire\SlowSoftI2CMaster.cpp">
      <Filter>SoftWire</Filter>
    </ClCompile>
  </ItemGroup>
</Project>